
Microsoft Visual Studio Solution File, Format Version 12.00
# Visual Studio Version 16
VisualStudioVersion = 25.0.1700.0
MinimumVisualStudioVersion = 10.0.40219.1
Project("{FAE04EC0-301F-11D3-BF4B-00C04F79EFBC}") = "DSATREE", "DSATREE\DSATREE.csproj", "{AD5DC79F-60C9-4750-B85A-9B61E3613E1A}"
EndProject
Global
	GlobalSection(SolutionConfigurationPlatforms) = preSolution
		Debug|Any CPU = Debug|Any CPU
		Release|Any CPU = Release|Any CPU
	EndGlobalSection
	GlobalSection(ProjectConfigurationPlatforms) = postSolution
		{AD5DC79F-60C9-4750-B85A-9B61E3613E1A}.Debug|Any CPU.ActiveCfg = Debug|Any CPU
		{AD5DC79F-60C9-4750-B85A-9B61E3613E1A}.Debug|Any CPU.Build.0 = Debug|Any CPU
		{AD5DC79F-60C9-4750-B85A-9B61E3613E1A}.Release|Any CPU.ActiveCfg = Release|Any CPU
		{AD5DC79F-60C9-4750-B85A-9B61E3613E1A}.Release|Any CPU.Build.0 = Release|Any CPU
	EndGlobalSection
	GlobalSection(SolutionProperties) = preSolution
		HideSolutionNode = FALSE
	EndGlobalSection
	GlobalSection(ExtensibilityGlobals) = postSolution
		SolutionGuid = {F8375592-2A67-4F18-830B-7A04BCCEC57D}
	EndGlobalSection
EndGlobal
